
Microsoft Visual Studio Solution File, Format Version 12.00
# Visual Studio Version 16
VisualStudioVersion = 16.0.30128.74
MinimumVisualStudioVersion = 10.0.40219.1
Project("{8BC9CEB8-8B4A-11D0-8D11-00A0C91BC942}") = "Game", "Game\Game.vcxproj", "{4F7A2566-C5D2-4D46-9F29-2EB2CD6B7AC9}"
EndProject
Project("{8BC9CEB8-8B4A-11D0-8D11-00A0C91BC942}") = "Engine", "Engine\Engine.vcxproj", "{58BB6CFD-E01E-4F46-B946-AE8A0FCB0787}"
EndProject
Global
	GlobalSection(SolutionConfigurationPlatforms) = preSolution
		Debug|x64 = Debug|x64
		Debug|x86 = Debug|x86
		Release|x64 = Release|x64
		Release|x86 = Release|x86
	EndGlobalSection
	GlobalSection(ProjectConfigurationPlatforms) = postSolution
		{4F7A2566-C5D2-4D46-9F29-2EB2CD6B7AC9}.Debug|x64.ActiveCfg = Debug|x64
		{4F7A2566-C5D2-4D46-9F29-2EB2CD6B7AC9}.Debug|x64.Build.0 = Debug|x64
		{4F7A2566-C5D2-4D46-9F29-2EB2CD6B7AC9}.Debug|x86.ActiveCfg = Debug|Win32
		{4F7A2566-C5D2-4D46-9F29-2EB2CD6B7AC9}.Debug|x86.Build.0 = Debug|Win32
		{4F7A2566-C5D2-4D46-9F29-2EB2CD6B7AC9}.Release|x64.ActiveCfg = Release|x64
		{4F7A2566-C5D2-4D46-9F29-2EB2CD6B7AC9}.Release|x64.Build.0 = Release|x64
		{4F7A2566-C5D2-4D46-9F29-2EB2CD6B7AC9}.Release|x86.ActiveCfg = Release|Win32
		{4F7A2566-C5D2-4D46-9F29-2EB2CD6B7AC9}.Release|x86.Build.0 = Release|Win32
		{58BB6CFD-E01E-4F46-B946-AE8A0FCB0787}.Debug|x64.ActiveCfg = Debug|x64
		{58BB6CFD-E01E-4F46-B946-AE8A0FCB0787}.Debug|x64.Build.0 = Debug|x64
		{58BB6CFD-E01E-4F46-B946-AE8A0FCB0787}.Debug|x86.ActiveCfg = Debug|Win32
		{58BB6CFD-E01E-4F46-B946-AE8A0FCB0787}.Debug|x86.Build.0 = Debug|Win32
		{58BB6CFD-E01E-4F46-B946-AE8A0FCB0787}.Release|x64.ActiveCfg = Release|x64
		{58BB6CFD-E01E-4F46-B946-AE8A0FCB0787}.Release|x64.Build.0 = Release|x64
		{58BB6CFD-E01E-4F46-B946-AE8A0FCB0787}.Release|x86.ActiveCfg = Release|Win32
		{58BB6CFD-E01E-4F46-B946-AE8A0FCB0787}.Release|x86.Build.0 = Release|Win32
	EndGlobalSection
	GlobalSection(SolutionProperties) = preSolution
		HideSolutionNode = FALSE
	EndGlobalSection
	GlobalSection(ExtensibilityGlobals) = postSolution
		SolutionGuid = {EF8DF097-1A99-490E-9317-2FBFFCDFA735}
	EndGlobalSection
EndGlobal
